
Microsoft Visual Studio Solution File, Format Version 12.00
# Visual Studio 15
VisualStudioVersion = 15.0.26430.16
MinimumVisualStudioVersion = 10.0.40219.1
Project("{FAE04EC0-301F-11D3-BF4B-00C04F79EFBC}") = "helloWorldd.Android", "helloWorldd\helloWorldd.Android\helloWorldd.Android.csproj", "{51DB8C6D-029F-4CB7-A9A9-52679C50D4E2}"
EndProject
Project("{FAE04EC0-301F-11D3-BF4B-00C04F79EFBC}") = "helloWorldd", "helloWorldd\helloWorldd\helloWorldd.csproj", "{ADCDC6B7-C4F0-41B2-9F7A-D2D609B168C1}"
EndProject
Project("{FAE04EC0-301F-11D3-BF4B-00C04F79EFBC}") = "helloWorldd.UWP", "helloWorldd\helloWorldd.UWP\helloWorldd.UWP.csproj", "{31726D1E-80A1-4734-A305-B0787DED2917}"
EndProject
Project("{FAE04EC0-301F-11D3-BF4B-00C04F79EFBC}") = "helloWorldd.iOS", "helloWorldd\helloWorldd.iOS\helloWorldd.iOS.csproj", "{938BE6B8-3201-4B29-928B-AAD8C104A02B}"
EndProject
Global
	GlobalSection(SolutionConfigurationPlatforms) = preSolution
		Ad-Hoc|Any CPU = Ad-Hoc|Any CPU
		Ad-Hoc|ARM = Ad-Hoc|ARM
		Ad-Hoc|iPhone = Ad-Hoc|iPhone
		Ad-Hoc|iPhoneSimulator = Ad-Hoc|iPhoneSimulator
		Ad-Hoc|x64 = Ad-Hoc|x64
		Ad-Hoc|x86 = Ad-Hoc|x86
		AppStore|Any CPU = AppStore|Any CPU
		AppStore|ARM = AppStore|ARM
		AppStore|iPhone = AppStore|iPhone
		AppStore|iPhoneSimulator = AppStore|iPhoneSimulator
		AppStore|x64 = AppStore|x64
		AppStore|x86 = AppStore|x86
		Debug|Any CPU = Debug|Any CPU
		Debug|ARM = Debug|ARM
		Debug|iPhone = Debug|iPhone
		Debug|iPhoneSimulator = Debug|iPhoneSimulator
		Debug|x64 = Debug|x64
		Debug|x86 = Debug|x86
		Release|Any CPU = Release|Any CPU
		Release|ARM = Release|ARM
		Release|iPhone = Release|iPhone
		Release|iPhoneSimulator = Release|iPhoneSimulator
		Release|x64 = Release|x64
		Release|x86 = Release|x86
	EndGlobalSection
	GlobalSection(ProjectConfigurationPlatforms) = postSolution
		{51DB8C6D-029F-4CB7-A9A9-52679C50D4E2}.Ad-Hoc|Any CPU.ActiveCfg = Release|Any CPU
		{51DB8C6D-029F-4CB7-A9A9-52679C50D4E2}.Ad-Hoc|Any CPU.Build.0 = Release|Any CPU
		{51DB8C6D-029F-4CB7-A9A9-52679C50D4E2}.Ad-Hoc|Any CPU.Deploy.0 = Release|Any CPU
		{51DB8C6D-029F-4CB7-A9A9-52679C50D4E2}.Ad-Hoc|ARM.ActiveCfg = Release|Any CPU
		{51DB8C6D-029F-4CB7-A9A9-52679C50D4E2}.Ad-Hoc|ARM.Build.0 = Release|Any CPU
		{51DB8C6D-029F-4CB7-A9A9-52679C50D4E2}.Ad-Hoc|ARM.Deploy.0 = Release|Any CPU
		{51DB8C6D-029F-4CB7-A9A9-52679C50D4E2}.Ad-Hoc|iPhone.ActiveCfg = Release|Any CPU
		{51DB8C6D-029F-4CB7-A9A9-52679C50D4E2}.Ad-Hoc|iPhone.Build.0 = Release|Any CPU
		{51DB8C6D-029F-4CB7-A9A9-52679C50D4E2}.Ad-Hoc|iPhone.Deploy.0 = Release|Any CPU
		{51DB8C6D-029F-4CB7-A9A9-52679C50D4E2}.Ad-Hoc|iPhoneSimulator.ActiveCfg = Release|Any CPU
		{51DB8C6D-029F-4CB7-A9A9-52679C50D4E2}.Ad-Hoc|iPhoneSimulator.Build.0 = Release|Any CPU
		{51DB8C6D-029F-4CB7-A9A9-52679C50D4E2}.Ad-Hoc|iPhoneSimulator.Deploy.0 = Release|Any CPU
		{51DB8C6D-029F-4CB7-A9A9-52679C50D4E2}.Ad-Hoc|x64.ActiveCfg = Release|Any CPU
		{51DB8C6D-029F-4CB7-A9A9-52679C50D4E2}.Ad-Hoc|x64.Build.0 = Release|Any CPU
		{51DB8C6D-029F-4CB7-A9A9-52679C50D4E2}.Ad-Hoc|x64.Deploy.0 = Release|Any CPU
		{51DB8C6D-029F-4CB7-A9A9-52679C50D4E2}.Ad-Hoc|x86.ActiveCfg = Release|Any CPU
		{51DB8C6D-029F-4CB7-A9A9-52679C50D4E2}.Ad-Hoc|x86.Build.0 = Release|Any CPU
		{51DB8C6D-029F-4CB7-A9A9-52679C50D4E2}.Ad-Hoc|x86.Deploy.0 = Release|Any CPU
		{51DB8C6D-029F-4CB7-A9A9-52679C50D4E2}.AppStore|Any CPU.ActiveCfg = Release|Any CPU
		{51DB8C6D-029F-4CB7-A9A9-52679C50D4E2}.AppStore|Any CPU.Build.0 = Release|Any CPU
		{51DB8C6D-029F-4CB7-A9A9-52679C50D4E2}.AppStore|Any CPU.Deploy.0 = Release|Any CPU
		{51DB8C6D-029F-4CB7-A9A9-52679C50D4E2}.AppStore|ARM.ActiveCfg = Release|Any CPU
		{51DB8C6D-029F-4CB7-A9A9-52679C50D4E2}.AppStore|ARM.Build.0 = Release|Any CPU
		{51DB8C6D-029F-4CB7-A9A9-52679C50D4E2}.AppStore|ARM.Deploy.0 = Release|Any CPU
		{51DB8C6D-029F-4CB7-A9A9-52679C50D4E2}.AppStore|iPhone.ActiveCfg = Release|Any CPU
		{51DB8C6D-029F-4CB7-A9A9-52679C50D4E2}.AppStore|iPhone.Build.0 = Release|Any CPU
		{51DB8C6D-029F-4CB7-A9A9-52679C50D4E2}.AppStore|iPhone.Deploy.0 = Release|Any CPU
		{51DB8C6D-029F-4CB7-A9A9-52679C50D4E2}.AppStore|iPhoneSimulator.ActiveCfg = Release|Any CPU
		{51DB8C6D-029F-4CB7-A9A9-52679C50D4E2}.AppStore|iPhoneSimulator.Build.0 = Release|Any CPU
		{51DB8C6D-029F-4CB7-A9A9-52679C50D4E2}.AppStore|iPhoneSimulator.Deploy.0 = Release|Any CPU
		{51DB8C6D-029F-4CB7-A9A9-52679C50D4E2}.AppStore|x64.ActiveCfg = Release|Any CPU
		{51DB8C6D-029F-4CB7-A9A9-52679C50D4E2}.AppStore|x64.Build.0 = Release|Any CPU
		{51DB8C6D-029F-4CB7-A9A9-52679C50D4E2}.AppStore|x64.Deploy.0 = Release|Any CPU
		{51DB8C6D-029F-4CB7-A9A9-52679C50D4E2}.AppStore|x86.ActiveCfg = Release|Any CPU
		{51DB8C6D-029F-4CB7-A9A9-52679C50D4E2}.AppStore|x86.Build.0 = Release|Any CPU
		{51DB8C6D-029F-4CB7-A9A9-52679C50D4E2}.AppStore|x86.Deploy.0 = Release|Any CPU
		{51DB8C6D-029F-4CB7-A9A9-52679C50D4E2}.Debug|Any CPU.ActiveCfg = Debug|Any CPU
		{51DB8C6D-029F-4CB7-A9A9-52679C50D4E2}.Debug|Any CPU.Build.0 = Debug|Any CPU
		{51DB8C6D-029F-4CB7-A9A9-52679C50D4E2}.Debug|Any CPU.Deploy.0 = Debug|Any CPU
		{51DB8C6D-029F-4CB7-A9A9-52679C50D4E2}.Debug|ARM.ActiveCfg = Debug|Any CPU
		{51DB8C6D-029F-4CB7-A9A9-52679C50D4E2}.Debug|ARM.Build.0 = Debug|Any CPU
		{51DB8C6D-029F-4CB7-A9A9-52679C50D4E2}.Debug|ARM.Deploy.0 = Debug|Any CPU
		{51DB8C6D-029F-4CB7-A9A9-52679C50D4E2}.Debug|iPhone.ActiveCfg = Debug|Any CPU
		{51DB8C6D-029F-4CB7-A9A9-52679C50D4E2}.Debug|iPhone.Build.0 = Debug|Any CPU
		{51DB8C6D-029F-4CB7-A9A9-52679C50D4E2}.Debug|iPhone.Deploy.0 = Debug|Any CPU
		{51DB8C6D-029F-4CB7-A9A9-52679C50D4E2}.Debug|iPhoneSimulator.ActiveCfg = Debug|Any CPU
		{51DB8C6D-029F-4CB7-A9A9-52679C50D4E2}.Debug|iPhoneSimulator.Build.0 = Debug|Any CPU
		{51DB8C6D-029F-4CB7-A9A9-52679C50D4E2}.Debug|iPhoneSimulator.Deploy.0 = Debug|Any CPU
		{51DB8C6D-029F-4CB7-A9A9-52679C50D4E2}.Debug|x64.ActiveCfg = Debug|Any CPU
		{51DB8C6D-029F-4CB7-A9A9-52679C50D4E2}.Debug|x64.Build.0 = Debug|Any CPU
		{51DB8C6D-029F-4CB7-A9A9-52679C50D4E2}.Debug|x64.Deploy.0 = Debug|Any CPU
		{51DB8C6D-029F-4CB7-A9A9-52679C50D4E2}.Debug|x86.ActiveCfg = Debug|Any CPU
		{51DB8C6D-029F-4CB7-A9A9-52679C50D4E2}.Debug|x86.Build.0 = Debug|Any CPU
		{51DB8C6D-029F-4CB7-A9A9-52679C50D4E2}.Debug|x86.Deploy.0 = Debug|Any CPU
		{51DB8C6D-029F-4CB7-A9A9-52679C50D4E2}.Release|Any CPU.ActiveCfg = Release|Any CPU
		{51DB8C6D-029F-4CB7-A9A9-52679C50D4E2}.Release|Any CPU.Build.0 = Release|Any CPU
		{51DB8C6D-029F-4CB7-A9A9-52679C50D4E2}.Release|Any CPU.Deploy.0 = Release|Any CPU
		{51DB8C6D-029F-4CB7-A9A9-52679C50D4E2}.Release|ARM.ActiveCfg = Release|Any CPU
		{51DB8C6D-029F-4CB7-A9A9-52679C50D4E2}.Release|ARM.Build.0 = Release|Any CPU
		{51DB8C6D-029F-4CB7-A9A9-52679C50D4E2}.Release|ARM.Deploy.0 = Release|Any CPU
		{51DB8C6D-029F-4CB7-A9A9-52679C50D4E2}.Release|iPhone.ActiveCfg = Release|Any CPU
		{51DB8C6D-029F-4CB7-A9A9-52679C50D4E2}.Release|iPhone.Build.0 = Release|Any CPU
		{51DB8C6D-029F-4CB7-A9A9-52679C50D4E2}.Release|iPhone.Deploy.0 = Release|Any CPU
		{51DB8C6D-029F-4CB7-A9A9-52679C50D4E2}.Release|iPhoneSimulator.ActiveCfg = Release|Any CPU
		{51DB8C6D-029F-4CB7-A9A9-52679C50D4E2}.Release|iPhoneSimulator.Build.0 = Release|Any CPU
		{51DB8C6D-029F-4CB7-A9A9-52679C50D4E2}.Release|iPhoneSimulator.Deploy.0 = Release|Any CPU
		{51DB8C6D-029F-4CB7-A9A9-52679C50D4E2}.Release|x64.ActiveCfg = Release|Any CPU
		{51DB8C6D-029F-4CB7-A9A9-52679C50D4E2}.Release|x64.Build.0 = Release|Any CPU
		{51DB8C6D-029F-4CB7-A9A9-52679C50D4E2}.Release|x64.Deploy.0 = Release|Any CPU
		{51DB8C6D-029F-4CB7-A9A9-52679C50D4E2}.Release|x86.ActiveCfg = Release|Any CPU
		{51DB8C6D-029F-4CB7-A9A9-52679C50D4E2}.Release|x86.Build.0 = Release|Any CPU
		{51DB8C6D-029F-4CB7-A9A9-52679C50D4E2}.Release|x86.Deploy.0 = Release|Any CPU
		{ADCDC6B7-C4F0-41B2-9F7A-D2D609B168C1}.Ad-Hoc|Any CPU.ActiveCfg = Release|Any CPU
		{ADCDC6B7-C4F0-41B2-9F7A-D2D609B168C1}.Ad-Hoc|Any CPU.Build.0 = Release|Any CPU
		{ADCDC6B7-C4F0-41B2-9F7A-D2D609B168C1}.Ad-Hoc|ARM.ActiveCfg = Release|Any CPU
		{ADCDC6B7-C4F0-41B2-9F7A-D2D609B168C1}.Ad-Hoc|ARM.Build.0 = Release|Any CPU
		{ADCDC6B7-C4F0-41B2-9F7A-D2D609B168C1}.Ad-Hoc|iPhone.ActiveCfg = Release|Any CPU
		{ADCDC6B7-C4F0-41B2-9F7A-D2D609B168C1}.Ad-Hoc|iPhone.Build.0 = Release|Any CPU
		{ADCDC6B7-C4F0-41B2-9F7A-D2D609B168C1}.Ad-Hoc|iPhoneSimulator.ActiveCfg = Release|Any CPU
		{ADCDC6B7-C4F0-41B2-9F7A-D2D609B168C1}.Ad-Hoc|iPhoneSimulator.Build.0 = Release|Any CPU
		{ADCDC6B7-C4F0-41B2-9F7A-D2D609B168C1}.Ad-Hoc|x64.ActiveCfg = Release|Any CPU
		{ADCDC6B7-C4F0-41B2-9F7A-D2D609B168C1}.Ad-Hoc|x64.Build.0 = Release|Any CPU
		{ADCDC6B7-C4F0-41B2-9F7A-D2D609B168C1}.Ad-Hoc|x86.ActiveCfg = Release|Any CPU
		{ADCDC6B7-C4F0-41B2-9F7A-D2D609B168C1}.Ad-Hoc|x86.Build.0 = Release|Any CPU
		{ADCDC6B7-C4F0-41B2-9F7A-D2D609B168C1}.AppStore|Any CPU.ActiveCfg = Release|Any CPU
		{ADCDC6B7-C4F0-41B2-9F7A-D2D609B168C1}.AppStore|Any CPU.Build.0 = Release|Any CPU
		{ADCDC6B7-C4F0-41B2-9F7A-D2D609B168C1}.AppStore|ARM.ActiveCfg = Release|Any CPU
		{ADCDC6B7-C4F0-41B2-9F7A-D2D609B168C1}.AppStore|ARM.Build.0 = Release|Any CPU
		{ADCDC6B7-C4F0-41B2-9F7A-D2D609B168C1}.AppStore|iPhone.ActiveCfg = Release|Any CPU
		{ADCDC6B7-C4F0-41B2-9F7A-D2D609B168C1}.AppStore|iPhone.Build.0 = Release|Any CPU
		{ADCDC6B7-C4F0-41B2-9F7A-D2D609B168C1}.AppStore|iPhoneSimulator.ActiveCfg = Release|Any CPU
		{ADCDC6B7-C4F0-41B2-9F7A-D2D609B168C1}.AppStore|iPhoneSimulator.Build.0 = Release|Any CPU
		{ADCDC6B7-C4F0-41B2-9F7A-D2D609B168C1}.AppStore|x64.ActiveCfg = Release|Any CPU
		{ADCDC6B7-C4F0-41B2-9F7A-D2D609B168C1}.AppStore|x64.Build.0 = Release|Any CPU
		{ADCDC6B7-C4F0-41B2-9F7A-D2D609B168C1}.AppStore|x86.ActiveCfg = Release|Any CPU
		{ADCDC6B7-C4F0-41B2-9F7A-D2D609B168C1}.AppStore|x86.Build.0 = Release|Any CPU
		{ADCDC6B7-C4F0-41B2-9F7A-D2D609B168C1}.Debug|Any CPU.ActiveCfg = Debug|Any CPU
		{ADCDC6B7-C4F0-41B2-9F7A-D2D609B168C1}.Debug|Any CPU.Build.0 = Debug|Any CPU
		{ADCDC6B7-C4F0-41B2-9F7A-D2D609B168C1}.Debug|ARM.ActiveCfg = Debug|Any CPU
		{ADCDC6B7-C4F0-41B2-9F7A-D2D609B168C1}.Debug|ARM.Build.0 = Debug|Any CPU
		{ADCDC6B7-C4F0-41B2-9F7A-D2D609B168C1}.Debug|iPhone.ActiveCfg = Debug|Any CPU
		{ADCDC6B7-C4F0-41B2-9F7A-D2D609B168C1}.Debug|iPhone.Build.0 = Debug|Any CPU
		{ADCDC6B7-C4F0-41B2-9F7A-D2D609B168C1}.Debug|iPhoneSimulator.ActiveCfg = Debug|Any CPU
		{ADCDC6B7-C4F0-41B2-9F7A-D2D609B168C1}.Debug|iPhoneSimulator.Build.0 = Debug|Any CPU
		{ADCDC6B7-C4F0-41B2-9F7A-D2D609B168C1}.Debug|x64.ActiveCfg = Debug|Any CPU
		{ADCDC6B7-C4F0-41B2-9F7A-D2D609B168C1}.Debug|x64.Build.0 = Debug|Any CPU
		{ADCDC6B7-C4F0-41B2-9F7A-D2D609B168C1}.Debug|x86.ActiveCfg = Debug|Any CPU
		{ADCDC6B7-C4F0-41B2-9F7A-D2D609B168C1}.Debug|x86.Build.0 = Debug|Any CPU
		{ADCDC6B7-C4F0-41B2-9F7A-D2D609B168C1}.Release|Any CPU.ActiveCfg = Release|Any CPU
		{ADCDC6B7-C4F0-41B2-9F7A-D2D609B168C1}.Release|Any CPU.Build.0 = Release|Any CPU
		{ADCDC6B7-C4F0-41B2-9F7A-D2D609B168C1}.Release|ARM.ActiveCfg = Release|Any CPU
		{ADCDC6B7-C4F0-41B2-9F7A-D2D609B168C1}.Release|ARM.Build.0 = Release|Any CPU
		{ADCDC6B7-C4F0-41B2-9F7A-D2D609B168C1}.Release|iPhone.ActiveCfg = Release|Any CPU
		{ADCDC6B7-C4F0-41B2-9F7A-D2D609B168C1}.Release|iPhone.Build.0 = Release|Any CPU
		{ADCDC6B7-C4F0-41B2-9F7A-D2D609B168C1}.Release|iPhoneSimulator.ActiveCfg = Release|Any CPU
		{ADCDC6B7-C4F0-41B2-9F7A-D2D609B168C1}.Release|iPhoneSimulator.Build.0 = Release|Any CPU
		{ADCDC6B7-C4F0-41B2-9F7A-D2D609B168C1}.Release|x64.ActiveCfg = Release|Any CPU
		{ADCDC6B7-C4F0-41B2-9F7A-D2D609B168C1}.Release|x64.Build.0 = Release|Any CPU
		{ADCDC6B7-C4F0-41B2-9F7A-D2D609B168C1}.Release|x86.ActiveCfg = Release|Any CPU
		{ADCDC6B7-C4F0-41B2-9F7A-D2D609B168C1}.Release|x86.Build.0 = Release|Any CPU
		{31726D1E-80A1-4734-A305-B0787DED2917}.Ad-Hoc|Any CPU.ActiveCfg = Release|x86
		{31726D1E-80A1-4734-A305-B0787DED2917}.Ad-Hoc|Any CPU.Build.0 = Release|x86
		{31726D1E-80A1-4734-A305-B0787DED2917}.Ad-Hoc|Any CPU.Deploy.0 = Release|x86
		{31726D1E-80A1-4734-A305-B0787DED2917}.Ad-Hoc|ARM.ActiveCfg = Release|ARM
		{31726D1E-80A1-4734-A305-B0787DED2917}.Ad-Hoc|ARM.Build.0 = Release|ARM
		{31726D1E-80A1-4734-A305-B0787DED2917}.Ad-Hoc|ARM.Deploy.0 = Release|ARM
		{31726D1E-80A1-4734-A305-B0787DED2917}.Ad-Hoc|iPhone.ActiveCfg = Release|x86
		{31726D1E-80A1-4734-A305-B0787DED2917}.Ad-Hoc|iPhone.Build.0 = Release|x86
		{31726D1E-80A1-4734-A305-B0787DED2917}.Ad-Hoc|iPhone.Deploy.0 = Release|x86
		{31726D1E-80A1-4734-A305-B0787DED2917}.Ad-Hoc|iPhoneSimulator.ActiveCfg = Release|x86
		{31726D1E-80A1-4734-A305-B0787DED2917}.Ad-Hoc|iPhoneSimulator.Build.0 = Release|x86
		{31726D1E-80A1-4734-A305-B0787DED2917}.Ad-Hoc|iPhoneSimulator.Deploy.0 = Release|x86
		{31726D1E-80A1-4734-A305-B0787DED2917}.Ad-Hoc|x64.ActiveCfg = Release|x64
		{31726D1E-80A1-4734-A305-B0787DED2917}.Ad-Hoc|x64.Build.0 = Release|x64
		{31726D1E-80A1-4734-A305-B0787DED2917}.Ad-Hoc|x64.Deploy.0 = Release|x64
		{31726D1E-80A1-4734-A305-B0787DED2917}.Ad-Hoc|x86.ActiveCfg = Release|x86
		{31726D1E-80A1-4734-A305-B0787DED2917}.Ad-Hoc|x86.Build.0 = Release|x86
		{31726D1E-80A1-4734-A305-B0787DED2917}.Ad-Hoc|x86.Deploy.0 = Release|x86
		{31726D1E-80A1-4734-A305-B0787DED2917}.AppStore|Any CPU.ActiveCfg = Release|x86
		{31726D1E-80A1-4734-A305-B0787DED2917}.AppStore|Any CPU.Build.0 = Release|x86
		{31726D1E-80A1-4734-A305-B0787DED2917}.AppStore|Any CPU.Deploy.0 = Release|x86
		{31726D1E-80A1-4734-A305-B0787DED2917}.AppStore|ARM.ActiveCfg = Release|ARM
		{31726D1E-80A1-4734-A305-B0787DED2917}.AppStore|ARM.Build.0 = Release|ARM
		{31726D1E-80A1-4734-A305-B0787DED2917}.AppStore|ARM.Deploy.0 = Release|ARM
		{31726D1E-80A1-4734-A305-B0787DED2917}.AppStore|iPhone.ActiveCfg = Release|x86
		{31726D1E-80A1-4734-A305-B0787DED2917}.AppStore|iPhone.Build.0 = Release|x86
		{31726D1E-80A1-4734-A305-B0787DED2917}.AppStore|iPhone.Deploy.0 = Release|x86
		{31726D1E-80A1-4734-A305-B0787DED2917}.AppStore|iPhoneSimulator.ActiveCfg = Release|x86
		{31726D1E-80A1-4734-A305-B0787DED2917}.AppStore|iPhoneSimulator.Build.0 = Release|x86
		{31726D1E-80A1-4734-A305-B0787DED2917}.AppStore|iPhoneSimulator.Deploy.0 = Release|x86
		{31726D1E-80A1-4734-A305-B0787DED2917}.AppStore|x64.ActiveCfg = Release|x64
		{31726D1E-80A1-4734-A305-B0787DED2917}.AppStore|x64.Build.0 = Release|x64
		{31726D1E-80A1-4734-A305-B0787DED2917}.AppStore|x64.Deploy.0 = Release|x64
		{31726D1E-80A1-4734-A305-B0787DED2917}.AppStore|x86.ActiveCfg = Release|x86
		{31726D1E-80A1-4734-A305-B0787DED2917}.AppStore|x86.Build.0 = Release|x86
		{31726D1E-80A1-4734-A305-B0787DED2917}.AppStore|x86.Deploy.0 = Release|x86
		{31726D1E-80A1-4734-A305-B0787DED2917}.Debug|Any CPU.ActiveCfg = Debug|x86
		{31726D1E-80A1-4734-A305-B0787DED2917}.Debug|Any CPU.Build.0 = Debug|x86
		{31726D1E-80A1-4734-A305-B0787DED2917}.Debug|Any CPU.Deploy.0 = Debug|x86
		{31726D1E-80A1-4734-A305-B0787DED2917}.Debug|ARM.ActiveCfg = Debug|ARM
		{31726D1E-80A1-4734-A305-B0787DED2917}.Debug|ARM.Build.0 = Debug|ARM
		{31726D1E-80A1-4734-A305-B0787DED2917}.Debug|ARM.Deploy.0 = Debug|ARM
		{31726D1E-80A1-4734-A305-B0787DED2917}.Debug|iPhone.ActiveCfg = Debug|x86
		{31726D1E-80A1-4734-A305-B0787DED2917}.Debug|iPhone.Build.0 = Debug|x86
		{31726D1E-80A1-4734-A305-B0787DED2917}.Debug|iPhone.Deploy.0 = Debug|x86
		{31726D1E-80A1-4734-A305-B0787DED2917}.Debug|iPhoneSimulator.ActiveCfg = Debug|x86
		{31726D1E-80A1-4734-A305-B0787DED2917}.Debug|x64.ActiveCfg = Debug|x64
		{31726D1E-80A1-4734-A305-B0787DED2917}.Debug|x64.Build.0 = Debug|x64
		{31726D1E-80A1-4734-A305-B0787DED2917}.Debug|x64.Deploy.0 = Debug|x64
		{31726D1E-80A1-4734-A305-B0787DED2917}.Debug|x86.ActiveCfg = Debug|x86
		{31726D1E-80A1-4734-A305-B0787DED2917}.Debug|x86.Build.0 = Debug|x86
		{31726D1E-80A1-4734-A305-B0787DED2917}.Debug|x86.Deploy.0 = Debug|x86
		{31726D1E-80A1-4734-A305-B0787DED2917}.Release|Any CPU.ActiveCfg = Release|x86
		{31726D1E-80A1-4734-A305-B0787DED2917}.Release|ARM.ActiveCfg = Release|ARM
		{31726D1E-80A1-4734-A305-B0787DED2917}.Release|ARM.Build.0 = Release|ARM
		{31726D1E-80A1-4734-A305-B0787DED2917}.Release|ARM.Deploy.0 = Release|ARM
		{31726D1E-80A1-4734-A305-B0787DED2917}.Release|iPhone.ActiveCfg = Release|x86
		{31726D1E-80A1-4734-A305-B0787DED2917}.Release|iPhoneSimulator.ActiveCfg = Release|x86
		{31726D1E-80A1-4734-A305-B0787DED2917}.Release|x64.ActiveCfg = Release|x64
		{31726D1E-80A1-4734-A305-B0787DED2917}.Release|x64.Build.0 = Release|x64
		{31726D1E-80A1-4734-A305-B0787DED2917}.Release|x64.Deploy.0 = Release|x64
		{31726D1E-80A1-4734-A305-B0787DED2917}.Release|x86.ActiveCfg = Release|x86
		{31726D1E-80A1-4734-A305-B0787DED2917}.Release|x86.Build.0 = Release|x86
		{31726D1E-80A1-4734-A305-B0787DED2917}.Release|x86.Deploy.0 = Release|x86
		{938BE6B8-3201-4B29-928B-AAD8C104A02B}.Ad-Hoc|Any CPU.ActiveCfg = Ad-Hoc|iPhone
		{938BE6B8-3201-4B29-928B-AAD8C104A02B}.Ad-Hoc|ARM.ActiveCfg = Ad-Hoc|iPhone
		{938BE6B8-3201-4B29-928B-AAD8C104A02B}.Ad-Hoc|iPhone.ActiveCfg = Ad-Hoc|iPhone
		{938BE6B8-3201-4B29-928B-AAD8C104A02B}.Ad-Hoc|iPhone.Build.0 = Ad-Hoc|iPhone
		{938BE6B8-3201-4B29-928B-AAD8C104A02B}.Ad-Hoc|iPhoneSimulator.ActiveCfg = Ad-Hoc|iPhoneSimulator
		{938BE6B8-3201-4B29-928B-AAD8C104A02B}.Ad-Hoc|iPhoneSimulator.Build.0 = Ad-Hoc|iPhoneSimulator
		{938BE6B8-3201-4B29-928B-AAD8C104A02B}.Ad-Hoc|x64.ActiveCfg = Ad-Hoc|iPhone
		{938BE6B8-3201-4B29-928B-AAD8C104A02B}.Ad-Hoc|x86.ActiveCfg = Ad-Hoc|iPhone
		{938BE6B8-3201-4B29-928B-AAD8C104A02B}.AppStore|Any CPU.ActiveCfg = AppStore|iPhone
		{938BE6B8-3201-4B29-928B-AAD8C104A02B}.AppStore|ARM.ActiveCfg = AppStore|iPhone
		{938BE6B8-3201-4B29-928B-AAD8C104A02B}.AppStore|iPhone.ActiveCfg = AppStore|iPhone
		{938BE6B8-3201-4B29-928B-AAD8C104A02B}.AppStore|iPhone.Build.0 = AppStore|iPhone
		{938BE6B8-3201-4B29-928B-AAD8C104A02B}.AppStore|iPhoneSimulator.ActiveCfg = AppStore|iPhoneSimulator
		{938BE6B8-3201-4B29-928B-AAD8C104A02B}.AppStore|iPhoneSimulator.Build.0 = AppStore|iPhoneSimulator
		{938BE6B8-3201-4B29-928B-AAD8C104A02B}.AppStore|x64.ActiveCfg = AppStore|iPhone
		{938BE6B8-3201-4B29-928B-AAD8C104A02B}.AppStore|x86.ActiveCfg = AppStore|iPhone
		{938BE6B8-3201-4B29-928B-AAD8C104A02B}.Debug|Any CPU.ActiveCfg = Debug|iPhone
		{938BE6B8-3201-4B29-928B-AAD8C104A02B}.Debug|ARM.ActiveCfg = Debug|iPhone
		{938BE6B8-3201-4B29-928B-AAD8C104A02B}.Debug|iPhone.ActiveCfg = Debug|iPhone
		{938BE6B8-3201-4B29-928B-AAD8C104A02B}.Debug|iPhone.Build.0 = Debug|iPhone
		{938BE6B8-3201-4B29-928B-AAD8C104A02B}.Debug|iPhoneSimulator.ActiveCfg = Debug|iPhoneSimulator
		{938BE6B8-3201-4B29-928B-AAD8C104A02B}.Debug|iPhoneSimulator.Build.0 = Debug|iPhoneSimulator
		{938BE6B8-3201-4B29-928B-AAD8C104A02B}.Debug|x64.ActiveCfg = Debug|iPhone
		{938BE6B8-3201-4B29-928B-AAD8C104A02B}.Debug|x86.ActiveCfg = Debug|iPhone
		{938BE6B8-3201-4B29-928B-AAD8C104A02B}.Release|Any CPU.ActiveCfg = Release|iPhone
		{938BE6B8-3201-4B29-928B-AAD8C104A02B}.Release|ARM.ActiveCfg = Release|iPhone
		{938BE6B8-3201-4B29-928B-AAD8C104A02B}.Release|iPhone.ActiveCfg = Release|iPhone
		{938BE6B8-3201-4B29-928B-AAD8C104A02B}.Release|iPhone.Build.0 = Release|iPhone
		{938BE6B8-3201-4B29-928B-AAD8C104A02B}.Release|iPhoneSimulator.ActiveCfg = Release|iPhoneSimulator
		{938BE6B8-3201-4B29-928B-AAD8C104A02B}.Release|iPhoneSimulator.Build.0 = Release|iPhoneSimulator
		{938BE6B8-3201-4B29-928B-AAD8C104A02B}.Release|x64.ActiveCfg = Release|iPhone
		{938BE6B8-3201-4B29-928B-AAD8C104A02B}.Release|x86.ActiveCfg = Release|iPhone
	EndGlobalSection
	GlobalSection(SolutionProperties) = preSolution
		HideSolutionNode = FALSE
	EndGlobalSection
EndGlobal
